
Microsoft Visual Studio Solution File, Format Version 12.00
Project("{2150E333-8FDC-42A3-9474-1A3956D46DE8}") = "automated-tests", "automated-tests", "{F2099AE4-C667-4EE5-A5EB-A81EF125CAF7}"
EndProject
Project("{2150E333-8FDC-42A3-9474-1A3956D46DE8}") = "deployment-units", "deployment-units", "{4FEA52A1-D597-4D02-A23B-15E6E41589DF}"
EndProject
Project("{2150E333-8FDC-42A3-9474-1A3956D46DE8}") = "Server", "Server", "{32514DC3-93DB-40F0-81CA-7525115445CA}"
EndProject
Project("{2150E333-8FDC-42A3-9474-1A3956D46DE8}") = "Clients", "Clients", "{FD69CCDE-B746-4AAF-B04C-9628249B7AD1}"
EndProject
Project("{2150E333-8FDC-42A3-9474-1A3956D46DE8}") = "Clients", "Clients", "{F42F7991-2F91-47C9-8ED0-58B1C8F014AC}"
EndProject
Project("{2150E333-8FDC-42A3-9474-1A3956D46DE8}") = "Server", "Server", "{0336D5D8-8B04-4701-804F-158356ED9475}"
EndProject
Project("{FAE04EC0-301F-11D3-BF4B-00C04F79EFBC}") = "Server.Presentation.Grpc", "Server.Presentation.Grpc\Server.Presentation.Grpc.csproj", "{2B04007E-B2D9-4E8B-82D2-C553CD5F3DA2}"
EndProject
Project("{2150E333-8FDC-42A3-9474-1A3956D46DE8}") = "solution-files", "solution-files", "{1648BD75-33AE-4918-AD6A-D12B0A3BC52F}"
	ProjectSection(SolutionItems) = preProject
		..\.gitignore = ..\.gitignore
		..\LICENSE = ..\LICENSE
		..\README.md = ..\README.md
		Directory.Build.props = Directory.Build.props
		Directory.Packages.props = Directory.Packages.props
	EndProjectSection
EndProject
Project("{FAE04EC0-301F-11D3-BF4B-00C04F79EFBC}") = "Server.Infrastructure", "Server.Infrastructure\Server.Infrastructure.csproj", "{BC765338-FF40-4D9E-AC54-789E184B36F4}"
EndProject
Project("{FAE04EC0-301F-11D3-BF4B-00C04F79EFBC}") = "Server.Application", "Server.Application\Server.Application.csproj", "{EA259647-3CF2-42B4-9BD3-76D0E4262383}"
EndProject
Project("{FAE04EC0-301F-11D3-BF4B-00C04F79EFBC}") = "Server.Domain", "Server.Domain\Server.Domain.csproj", "{B8E44E4A-BA6D-43EE-BE23-23BC557BD32A}"
EndProject
Project("{FAE04EC0-301F-11D3-BF4B-00C04F79EFBC}") = "Server.Presentation.Grpc.IntegrationTests", "Server.Presentation.Grpc.IntegrationTests\Server.Presentation.Grpc.IntegrationTests.csproj", "{60C2824A-17C1-4019-8749-65AE0448E5B3}"
EndProject
Project("{2150E333-8FDC-42A3-9474-1A3956D46DE8}") = "Workflows", "Workflows", "{6612E52A-5F38-4585-8F9C-F0F027020BBD}"
	ProjectSection(SolutionItems) = preProject
		..\.github\workflows\sonarcube.yml = ..\.github\workflows\sonarcube.yml
		..\.github\workflows\build-backend.yaml = ..\.github\workflows\build-backend.yaml
		..\.github\workflows\build-admin-web.yaml = ..\.github\workflows\build-admin-web.yaml
	EndProjectSection
EndProject
Project("{FAE04EC0-301F-11D3-BF4B-00C04F79EFBC}") = "ClientSdk.Grpc", "ClientSdk.Grpc\ClientSdk.Grpc.csproj", "{9963EC55-AADF-4940-AE11-EBCD9F372920}"
EndProject
Project("{FAE04EC0-301F-11D3-BF4B-00C04F79EFBC}") = "Clients.Admin_Old", "Clients.Admin_Old\Clients.Admin_Old.csproj", "{18DCD2E1-CF25-4FAA-816A-3CFB316DD39F}"
EndProject
Project("{FAE04EC0-301F-11D3-BF4B-00C04F79EFBC}") = "Clients.Admin.Web", "Clients.Admin.Web\Clients.Admin.Web.csproj", "{2CBE9479-2507-4235-AA27-E0DD7C898B7B}"
EndProject
Project("{FAE04EC0-301F-11D3-BF4B-00C04F79EFBC}") = "Clients.Admin.BFF", "Clients.Admin.BFF\Clients.Admin.BFF.csproj", "{E7111595-76B0-4A1D-AD45-819C7311887B}"
EndProject
Project("{FAE04EC0-301F-11D3-BF4B-00C04F79EFBC}") = "Clients.Identity.Api.Shared", "Clients.Identity.Api.Shared\Clients.Identity.Api.Shared.csproj", "{7F925140-B483-461E-9740-646E40771F4E}"
EndProject
Project("{2150E333-8FDC-42A3-9474-1A3956D46DE8}") = "Shared", "Shared", "{F11E5F0F-DE3D-466E-AB4E-3AEE0BE5A5ED}"
EndProject
Project("{FAE04EC0-301F-11D3-BF4B-00C04F79EFBC}") = "Clients.Identity.Api.Contracts", "Clients.Identity.Api.Contracts\Clients.Identity.Api.Contracts.csproj", "{6EE2F699-9915-4D62-96DB-5361C5094193}"
EndProject
Project("{FAE04EC0-301F-11D3-BF4B-00C04F79EFBC}") = "Clients.Identity.Blazor.Shared", "Clients.Identity.Blazor.Shared\Clients.Identity.Blazor.Shared.csproj", "{20A178D0-8AA7-4DAE-A866-E8BFB4F362FA}"
EndProject
Global
	GlobalSection(SolutionConfigurationPlatforms) = preSolution
		Debug|Any CPU = Debug|Any CPU
		Release|Any CPU = Release|Any CPU
	EndGlobalSection
	GlobalSection(NestedProjects) = preSolution
		{32514DC3-93DB-40F0-81CA-7525115445CA} = {4FEA52A1-D597-4D02-A23B-15E6E41589DF}
		{FD69CCDE-B746-4AAF-B04C-9628249B7AD1} = {4FEA52A1-D597-4D02-A23B-15E6E41589DF}
		{F42F7991-2F91-47C9-8ED0-58B1C8F014AC} = {F2099AE4-C667-4EE5-A5EB-A81EF125CAF7}
		{0336D5D8-8B04-4701-804F-158356ED9475} = {F2099AE4-C667-4EE5-A5EB-A81EF125CAF7}
		{2B04007E-B2D9-4E8B-82D2-C553CD5F3DA2} = {32514DC3-93DB-40F0-81CA-7525115445CA}
		{BC765338-FF40-4D9E-AC54-789E184B36F4} = {32514DC3-93DB-40F0-81CA-7525115445CA}
		{EA259647-3CF2-42B4-9BD3-76D0E4262383} = {32514DC3-93DB-40F0-81CA-7525115445CA}
		{B8E44E4A-BA6D-43EE-BE23-23BC557BD32A} = {32514DC3-93DB-40F0-81CA-7525115445CA}
		{60C2824A-17C1-4019-8749-65AE0448E5B3} = {0336D5D8-8B04-4701-804F-158356ED9475}
		{6612E52A-5F38-4585-8F9C-F0F027020BBD} = {1648BD75-33AE-4918-AD6A-D12B0A3BC52F}
		{9963EC55-AADF-4940-AE11-EBCD9F372920} = {4FEA52A1-D597-4D02-A23B-15E6E41589DF}
		{18DCD2E1-CF25-4FAA-816A-3CFB316DD39F} = {FD69CCDE-B746-4AAF-B04C-9628249B7AD1}
		{2CBE9479-2507-4235-AA27-E0DD7C898B7B} = {FD69CCDE-B746-4AAF-B04C-9628249B7AD1}
		{E7111595-76B0-4A1D-AD45-819C7311887B} = {FD69CCDE-B746-4AAF-B04C-9628249B7AD1}
		{F11E5F0F-DE3D-466E-AB4E-3AEE0BE5A5ED} = {FD69CCDE-B746-4AAF-B04C-9628249B7AD1}
		{7F925140-B483-461E-9740-646E40771F4E} = {F11E5F0F-DE3D-466E-AB4E-3AEE0BE5A5ED}
		{6EE2F699-9915-4D62-96DB-5361C5094193} = {F11E5F0F-DE3D-466E-AB4E-3AEE0BE5A5ED}
		{20A178D0-8AA7-4DAE-A866-E8BFB4F362FA} = {F11E5F0F-DE3D-466E-AB4E-3AEE0BE5A5ED}
	EndGlobalSection
	GlobalSection(ProjectConfigurationPlatforms) = postSolution
		{2B04007E-B2D9-4E8B-82D2-C553CD5F3DA2}.Debug|Any CPU.ActiveCfg = Debug|Any CPU
		{2B04007E-B2D9-4E8B-82D2-C553CD5F3DA2}.Debug|Any CPU.Build.0 = Debug|Any CPU
		{2B04007E-B2D9-4E8B-82D2-C553CD5F3DA2}.Release|Any CPU.ActiveCfg = Release|Any CPU
		{2B04007E-B2D9-4E8B-82D2-C553CD5F3DA2}.Release|Any CPU.Build.0 = Release|Any CPU
		{BC765338-FF40-4D9E-AC54-789E184B36F4}.Debug|Any CPU.ActiveCfg = Debug|Any CPU
		{BC765338-FF40-4D9E-AC54-789E184B36F4}.Debug|Any CPU.Build.0 = Debug|Any CPU
		{BC765338-FF40-4D9E-AC54-789E184B36F4}.Release|Any CPU.ActiveCfg = Release|Any CPU
		{BC765338-FF40-4D9E-AC54-789E184B36F4}.Release|Any CPU.Build.0 = Release|Any CPU
		{EA259647-3CF2-42B4-9BD3-76D0E4262383}.Debug|Any CPU.ActiveCfg = Debug|Any CPU
		{EA259647-3CF2-42B4-9BD3-76D0E4262383}.Debug|Any CPU.Build.0 = Debug|Any CPU
		{EA259647-3CF2-42B4-9BD3-76D0E4262383}.Release|Any CPU.ActiveCfg = Release|Any CPU
		{EA259647-3CF2-42B4-9BD3-76D0E4262383}.Release|Any CPU.Build.0 = Release|Any CPU
		{B8E44E4A-BA6D-43EE-BE23-23BC557BD32A}.Debug|Any CPU.ActiveCfg = Debug|Any CPU
		{B8E44E4A-BA6D-43EE-BE23-23BC557BD32A}.Debug|Any CPU.Build.0 = Debug|Any CPU
		{B8E44E4A-BA6D-43EE-BE23-23BC557BD32A}.Release|Any CPU.ActiveCfg = Release|Any CPU
		{B8E44E4A-BA6D-43EE-BE23-23BC557BD32A}.Release|Any CPU.Build.0 = Release|Any CPU
		{60C2824A-17C1-4019-8749-65AE0448E5B3}.Debug|Any CPU.ActiveCfg = Debug|Any CPU
		{60C2824A-17C1-4019-8749-65AE0448E5B3}.Debug|Any CPU.Build.0 = Debug|Any CPU
		{60C2824A-17C1-4019-8749-65AE0448E5B3}.Release|Any CPU.ActiveCfg = Release|Any CPU
		{60C2824A-17C1-4019-8749-65AE0448E5B3}.Release|Any CPU.Build.0 = Release|Any CPU
		{9963EC55-AADF-4940-AE11-EBCD9F372920}.Debug|Any CPU.ActiveCfg = Debug|Any CPU
		{9963EC55-AADF-4940-AE11-EBCD9F372920}.Debug|Any CPU.Build.0 = Debug|Any CPU
		{9963EC55-AADF-4940-AE11-EBCD9F372920}.Release|Any CPU.ActiveCfg = Release|Any CPU
		{9963EC55-AADF-4940-AE11-EBCD9F372920}.Release|Any CPU.Build.0 = Release|Any CPU
		{18DCD2E1-CF25-4FAA-816A-3CFB316DD39F}.Debug|Any CPU.ActiveCfg = Debug|Any CPU
		{18DCD2E1-CF25-4FAA-816A-3CFB316DD39F}.Debug|Any CPU.Build.0 = Debug|Any CPU
		{18DCD2E1-CF25-4FAA-816A-3CFB316DD39F}.Release|Any CPU.ActiveCfg = Release|Any CPU
		{18DCD2E1-CF25-4FAA-816A-3CFB316DD39F}.Release|Any CPU.Build.0 = Release|Any CPU
		{2CBE9479-2507-4235-AA27-E0DD7C898B7B}.Debug|Any CPU.ActiveCfg = Debug|Any CPU
		{2CBE9479-2507-4235-AA27-E0DD7C898B7B}.Debug|Any CPU.Build.0 = Debug|Any CPU
		{2CBE9479-2507-4235-AA27-E0DD7C898B7B}.Release|Any CPU.ActiveCfg = Release|Any CPU
		{2CBE9479-2507-4235-AA27-E0DD7C898B7B}.Release|Any CPU.Build.0 = Release|Any CPU
		{E7111595-76B0-4A1D-AD45-819C7311887B}.Debug|Any CPU.ActiveCfg = Debug|Any CPU
		{E7111595-76B0-4A1D-AD45-819C7311887B}.Debug|Any CPU.Build.0 = Debug|Any CPU
		{E7111595-76B0-4A1D-AD45-819C7311887B}.Release|Any CPU.ActiveCfg = Release|Any CPU
		{E7111595-76B0-4A1D-AD45-819C7311887B}.Release|Any CPU.Build.0 = Release|Any CPU
		{7F925140-B483-461E-9740-646E40771F4E}.Debug|Any CPU.ActiveCfg = Debug|Any CPU
		{7F925140-B483-461E-9740-646E40771F4E}.Debug|Any CPU.Build.0 = Debug|Any CPU
		{7F925140-B483-461E-9740-646E40771F4E}.Release|Any CPU.ActiveCfg = Release|Any CPU
		{7F925140-B483-461E-9740-646E40771F4E}.Release|Any CPU.Build.0 = Release|Any CPU
		{6EE2F699-9915-4D62-96DB-5361C5094193}.Debug|Any CPU.ActiveCfg = Debug|Any CPU
		{6EE2F699-9915-4D62-96DB-5361C5094193}.Debug|Any CPU.Build.0 = Debug|Any CPU
		{6EE2F699-9915-4D62-96DB-5361C5094193}.Release|Any CPU.ActiveCfg = Release|Any CPU
		{6EE2F699-9915-4D62-96DB-5361C5094193}.Release|Any CPU.Build.0 = Release|Any CPU
		{20A178D0-8AA7-4DAE-A866-E8BFB4F362FA}.Debug|Any CPU.ActiveCfg = Debug|Any CPU
		{20A178D0-8AA7-4DAE-A866-E8BFB4F362FA}.Debug|Any CPU.Build.0 = Debug|Any CPU
		{20A178D0-8AA7-4DAE-A866-E8BFB4F362FA}.Release|Any CPU.ActiveCfg = Release|Any CPU
		{20A178D0-8AA7-4DAE-A866-E8BFB4F362FA}.Release|Any CPU.Build.0 = Release|Any CPU
	EndGlobalSection
EndGlobal
